
Microsoft Visual Studio Solution File, Format Version 12.00
# Visual Studio Version 17
VisualStudioVersion = 17.11.35327.3
MinimumVisualStudioVersion = 10.0.40219.1
Project("{FAE04EC0-301F-11D3-BF4B-00C04F79EFBC}") = "GestionEmpleados2024", "GestionEmpleados2024\GestionEmpleados2024.csproj", "{C1F872B6-2DD7-4652-965A-87B9CA133A1B}"
EndProject
Global
	GlobalSection(SolutionConfigurationPlatforms) = preSolution
		Debug|Any CPU = Debug|Any CPU
		Release|Any CPU = Release|Any CPU
	EndGlobalSection
	GlobalSection(ProjectConfigurationPlatforms) = postSolution
		{C1F872B6-2DD7-4652-965A-87B9CA133A1B}.Debug|Any CPU.ActiveCfg = Debug|Any CPU
		{C1F872B6-2DD7-4652-965A-87B9CA133A1B}.Debug|Any CPU.Build.0 = Debug|Any CPU
		{C1F872B6-2DD7-4652-965A-87B9CA133A1B}.Release|Any CPU.ActiveCfg = Release|Any CPU
		{C1F872B6-2DD7-4652-965A-87B9CA133A1B}.Release|Any CPU.Build.0 = Release|Any CPU
	EndGlobalSection
	GlobalSection(SolutionProperties) = preSolution
		HideSolutionNode = FALSE
	EndGlobalSection
	GlobalSection(ExtensibilityGlobals) = postSolution
		SolutionGuid = {5730E18F-1D40-4DA4-9C78-694343932F15}
	EndGlobalSection
EndGlobal
