
Microsoft Visual Studio Solution File, Format Version 12.00
# Visual Studio Version 17
VisualStudioVersion = 17.11.35327.3
MinimumVisualStudioVersion = 10.0.40219.1
Project("{FAE04EC0-301F-11D3-BF4B-00C04F79EFBC}") = "MiparteDelProyecto", "MiparteDelProyecto\MiparteDelProyecto.csproj", "{6491E396-9CC5-4E55-9510-780EC0F2B320}"
EndProject
Global
	GlobalSection(SolutionConfigurationPlatforms) = preSolution
		Debug|Any CPU = Debug|Any CPU
		Release|Any CPU = Release|Any CPU
	EndGlobalSection
	GlobalSection(ProjectConfigurationPlatforms) = postSolution
		{6491E396-9CC5-4E55-9510-780EC0F2B320}.Debug|Any CPU.ActiveCfg = Debug|Any CPU
		{6491E396-9CC5-4E55-9510-780EC0F2B320}.Debug|Any CPU.Build.0 = Debug|Any CPU
		{6491E396-9CC5-4E55-9510-780EC0F2B320}.Release|Any CPU.ActiveCfg = Release|Any CPU
		{6491E396-9CC5-4E55-9510-780EC0F2B320}.Release|Any CPU.Build.0 = Release|Any CPU
	EndGlobalSection
	GlobalSection(SolutionProperties) = preSolution
		HideSolutionNode = FALSE
	EndGlobalSection
	GlobalSection(ExtensibilityGlobals) = postSolution
		SolutionGuid = {09FAA003-EC9C-4FAB-B6C2-D768DBD6AA89}
	EndGlobalSection
EndGlobal
