
Microsoft Visual Studio Solution File, Format Version 12.00
# Visual Studio Version 17
VisualStudioVersion = 17.11.35327.3
MinimumVisualStudioVersion = 10.0.40219.1
Project("{FAE04EC0-301F-11D3-BF4B-00C04F79EFBC}") = "A1.11_Aplicación_Orla_de_clase", "A1.11_Aplicación_Orla_de_clase\A1.11_Aplicación_Orla_de_clase.csproj", "{DC3E8F94-3763-4002-B832-8BE7BB49295D}"
EndProject
Global
	GlobalSection(SolutionConfigurationPlatforms) = preSolution
		Debug|Any CPU = Debug|Any CPU
		Release|Any CPU = Release|Any CPU
	EndGlobalSection
	GlobalSection(ProjectConfigurationPlatforms) = postSolution
		{DC3E8F94-3763-4002-B832-8BE7BB49295D}.Debug|Any CPU.ActiveCfg = Debug|Any CPU
		{DC3E8F94-3763-4002-B832-8BE7BB49295D}.Debug|Any CPU.Build.0 = Debug|Any CPU
		{DC3E8F94-3763-4002-B832-8BE7BB49295D}.Release|Any CPU.ActiveCfg = Release|Any CPU
		{DC3E8F94-3763-4002-B832-8BE7BB49295D}.Release|Any CPU.Build.0 = Release|Any CPU
	EndGlobalSection
	GlobalSection(SolutionProperties) = preSolution
		HideSolutionNode = FALSE
	EndGlobalSection
	GlobalSection(ExtensibilityGlobals) = postSolution
		SolutionGuid = {13DDC71A-C1D3-4401-82FA-9FC1E272B81E}
	EndGlobalSection
EndGlobal
